// !$*UTF8*$!
{
	archiveVersion = 1;
	classes = {
	};
	objectVersion = 55;
	objects = {

/* Begin PBXBuildFile section */
		2930FBF6281F971F00BD0746 /* AppDelegate.swift in Sources */ = {isa = PBXBuildFile; fileRef = 2930FBF5281F971F00BD0746 /* AppDelegate.swift */; };
		2930FBF8281F971F00BD0746 /* SceneDelegate.swift in Sources */ = {isa = PBXBuildFile; fileRef = 2930FBF7281F971F00BD0746 /* SceneDelegate.swift */; };
		2930FBFA281F971F00BD0746 /* ViewController.swift in Sources */ = {isa = PBXBuildFile; fileRef = 2930FBF9281F971F00BD0746 /* ViewController.swift */; };
		2930FBFF281F972200BD0746 /* Assets.xcassets in Resources */ = {isa = PBXBuildFile; fileRef = 2930FBFE281F972200BD0746 /* Assets.xcassets */; };
		2930FC02281F972200BD0746 /* LaunchScreen.storyboard in Resources */ = {isa = PBXBuildFile; fileRef = 2930FC00281F972200BD0746 /* LaunchScreen.storyboard */; };
		2930FC0A281FA48A00BD0746 /* ApiClient.swift in Sources */ = {isa = PBXBuildFile; fileRef = 2930FC09281FA48A00BD0746 /* ApiClient.swift */; };
		2930FC0C281FCBCC00BD0746 /* Data.swift in Sources */ = {isa = PBXBuildFile; fileRef = 2930FC0B281FCBCC00BD0746 /* Data.swift */; };
		2930FC0E2820446200BD0746 /* CustomViewCell.swift in Sources */ = {isa = PBXBuildFile; fileRef = 2930FC0D2820446200BD0746 /* CustomViewCell.swift */; };
		297AC9592822709300B12E62 /* DataViewModel.swift in Sources */ = {isa = PBXBuildFile; fileRef = 297AC9582822709300B12E62 /* DataViewModel.swift */; };
		297AC9622822B1C500B12E62 /* BottomSheetViewController.swift in Sources */ = {isa = PBXBuildFile; fileRef = 297AC9612822B1C500B12E62 /* BottomSheetViewController.swift */; };
		297AC9642822BEDF00B12E62 /* BottomSheetView.swift in Sources */ = {isa = PBXBuildFile; fileRef = 297AC9632822BEDF00B12E62 /* BottomSheetView.swift */; };
		297AC9662822BFB600B12E62 /* BottomSheetViewModel.swift in Sources */ = {isa = PBXBuildFile; fileRef = 297AC9652822BFB600B12E62 /* BottomSheetViewModel.swift */; };
		297AC9682822C0D000B12E62 /* CellViewModel.swift in Sources */ = {isa = PBXBuildFile; fileRef = 297AC9672822C0D000B12E62 /* CellViewModel.swift */; };
/* End PBXBuildFile section */

/* Begin PBXFileReference section */
		2930FBF2281F971F00BD0746 /* NordCloudTestTask.app */ = {isa = PBXFileReference; explicitFileType = wrapper.application; includeInIndex = 0; path = NordCloudTestTask.app; sourceTree = BUILT_PRODUCTS_DIR; };
		2930FBF5281F971F00BD0746 /* AppDelegate.swift */ = {isa = PBXFileReference; lastKnownFileType = sourcecode.swift; path = AppDelegate.swift; sourceTree = "<group>"; };
		2930FBF7281F971F00BD0746 /* SceneDelegate.swift */ = {isa = PBXFileReference; lastKnownFileType = sourcecode.swift; path = SceneDelegate.swift; sourceTree = "<group>"; };
		2930FBF9281F971F00BD0746 /* ViewController.swift */ = {isa = PBXFileReference; lastKnownFileType = sourcecode.swift; path = ViewController.swift; sourceTree = "<group>"; };
		2930FBFE281F972200BD0746 /* Assets.xcassets */ = {isa = PBXFileReference; lastKnownFileType = folder.assetcatalog; path = Assets.xcassets; sourceTree = "<group>"; };
		2930FC01281F972200BD0746 /* Base */ = {isa = PBXFileReference; lastKnownFileType = file.storyboard; name = Base; path = Base.lproj/LaunchScreen.storyboard; sourceTree = "<group>"; };
		2930FC03281F972200BD0746 /* Info.plist */ = {isa = PBXFileReference; lastKnownFileType = text.plist.xml; path = Info.plist; sourceTree = "<group>"; };
		2930FC09281FA48A00BD0746 /* ApiClient.swift */ = {isa = PBXFileReference; lastKnownFileType = sourcecode.swift; path = ApiClient.swift; sourceTree = "<group>"; };
		2930FC0B281FCBCC00BD0746 /* Data.swift */ = {isa = PBXFileReference; lastKnownFileType = sourcecode.swift; path = Data.swift; sourceTree = "<group>"; };
		2930FC0D2820446200BD0746 /* CustomViewCell.swift */ = {isa = PBXFileReference; lastKnownFileType = sourcecode.swift; path = CustomViewCell.swift; sourceTree = "<group>"; };
		297AC9582822709300B12E62 /* DataViewModel.swift */ = {isa = PBXFileReference; lastKnownFileType = sourcecode.swift; path = DataViewModel.swift; sourceTree = "<group>"; };
		297AC9612822B1C500B12E62 /* BottomSheetViewController.swift */ = {isa = PBXFileReference; lastKnownFileType = sourcecode.swift; path = BottomSheetViewController.swift; sourceTree = "<group>"; };
		297AC9632822BEDF00B12E62 /* BottomSheetView.swift */ = {isa = PBXFileReference; lastKnownFileType = sourcecode.swift; path = BottomSheetView.swift; sourceTree = "<group>"; };
		297AC9652822BFB600B12E62 /* BottomSheetViewModel.swift */ = {isa = PBXFileReference; lastKnownFileType = sourcecode.swift; path = BottomSheetViewModel.swift; sourceTree = "<group>"; };
		297AC9672822C0D000B12E62 /* CellViewModel.swift */ = {isa = PBXFileReference; lastKnownFileType = sourcecode.swift; path = CellViewModel.swift; sourceTree = "<group>"; };
/* End PBXFileReference section */

/* Begin PBXFrameworksBuildPhase section */
		2930FBEF281F971F00BD0746 /* Frameworks */ = {
			isa = PBXFrameworksBuildPhase;
			buildActionMask = 2147483647;
			files = (
			);
			runOnlyForDeploymentPostprocessing = 0;
		};
/* End PBXFrameworksBuildPhase section */

/* Begin PBXGroup section */
		2930FBE9281F971F00BD0746 = {
			isa = PBXGroup;
			children = (
				2930FBF4281F971F00BD0746 /* NordCloudTestTask */,
				2930FBF3281F971F00BD0746 /* Products */,
			);
			sourceTree = "<group>";
		};
		2930FBF3281F971F00BD0746 /* Products */ = {
			isa = PBXGroup;
			children = (
				2930FBF2281F971F00BD0746 /* NordCloudTestTask.app */,
			);
			name = Products;
			sourceTree = "<group>";
		};
		2930FBF4281F971F00BD0746 /* NordCloudTestTask */ = {
			isa = PBXGroup;
			children = (
				297AC95A2822B0BC00B12E62 /* Network */,
				297AC95D2822B13100B12E62 /* Model */,
				297AC95B2822B10700B12E62 /* View */,
				297AC95C2822B12100B12E62 /* ViewModel */,
				2930FBF5281F971F00BD0746 /* AppDelegate.swift */,
				2930FBF7281F971F00BD0746 /* SceneDelegate.swift */,
				2930FBFE281F972200BD0746 /* Assets.xcassets */,
				2930FC00281F972200BD0746 /* LaunchScreen.storyboard */,
				2930FC03281F972200BD0746 /* Info.plist */,
			);
			path = NordCloudTestTask;
			sourceTree = "<group>";
		};
		297AC95A2822B0BC00B12E62 /* Network */ = {
			isa = PBXGroup;
			children = (
				2930FC09281FA48A00BD0746 /* ApiClient.swift */,
			);
			path = Network;
			sourceTree = "<group>";
		};
		297AC95B2822B10700B12E62 /* View */ = {
			isa = PBXGroup;
			children = (
				297AC9602822B1AA00B12E62 /* BottomSheet */,
				297AC95E2822B19800B12E62 /* Cell */,
				2930FBF9281F971F00BD0746 /* ViewController.swift */,
			);
			path = View;
			sourceTree = "<group>";
		};
		297AC95C2822B12100B12E62 /* ViewModel */ = {
			isa = PBXGroup;
			children = (
				297AC9582822709300B12E62 /* DataViewModel.swift */,
				297AC9652822BFB600B12E62 /* BottomSheetViewModel.swift */,
				297AC9672822C0D000B12E62 /* CellViewModel.swift */,
			);
			path = ViewModel;
			sourceTree = "<group>";
		};
		297AC95D2822B13100B12E62 /* Model */ = {
			isa = PBXGroup;
			children = (
				2930FC0B281FCBCC00BD0746 /* Data.swift */,
			);
			path = Model;
			sourceTree = "<group>";
		};
		297AC95E2822B19800B12E62 /* Cell */ = {
			isa = PBXGroup;
			children = (
				2930FC0D2820446200BD0746 /* CustomViewCell.swift */,
			);
			path = Cell;
			sourceTree = "<group>";
		};
		297AC9602822B1AA00B12E62 /* BottomSheet */ = {
			isa = PBXGroup;
			children = (
				297AC9612822B1C500B12E62 /* BottomSheetViewController.swift */,
				297AC9632822BEDF00B12E62 /* BottomSheetView.swift */,
			);
			path = BottomSheet;
			sourceTree = "<group>";
		};
/* End PBXGroup section */

/* Begin PBXNativeTarget section */
		2930FBF1281F971F00BD0746 /* NordCloudTestTask */ = {
			isa = PBXNativeTarget;
			buildConfigurationList = 2930FC06281F972200BD0746 /* Build configuration list for PBXNativeTarget "NordCloudTestTask" */;
			buildPhases = (
				2930FBEE281F971F00BD0746 /* Sources */,
				2930FBEF281F971F00BD0746 /* Frameworks */,
				2930FBF0281F971F00BD0746 /* Resources */,
			);
			buildRules = (
			);
			dependencies = (
			);
			name = NordCloudTestTask;
			productName = NordCloudTestTask;
			productReference = 2930FBF2281F971F00BD0746 /* NordCloudTestTask.app */;
			productType = "com.apple.product-type.application";
		};
/* End PBXNativeTarget section */

/* Begin PBXProject section */
		2930FBEA281F971F00BD0746 /* Project object */ = {
			isa = PBXProject;
			attributes = {
				BuildIndependentTargetsInParallel = 1;
				LastSwiftUpdateCheck = 1330;
				LastUpgradeCheck = 1330;
				TargetAttributes = {
					2930FBF1281F971F00BD0746 = {
						CreatedOnToolsVersion = 13.3;
					};
				};
			};
			buildConfigurationList = 2930FBED281F971F00BD0746 /* Build configuration list for PBXProject "NordCloudTestTask" */;
			compatibilityVersion = "Xcode 13.0";
			developmentRegion = en;
			hasScannedForEncodings = 0;
			knownRegions = (
				en,
				Base,
			);
			mainGroup = 2930FBE9281F971F00BD0746;
			productRefGroup = 2930FBF3281F971F00BD0746 /* Products */;
			projectDirPath = "";
			projectRoot = "";
			targets = (
				2930FBF1281F971F00BD0746 /* NordCloudTestTask */,
			);
		};
/* End PBXProject section */

/* Begin PBXResourcesBuildPhase section */
		2930FBF0281F971F00BD0746 /* Resources */ = {
			isa = PBXResourcesBuildPhase;
			buildActionMask = 2147483647;
			files = (
				2930FC02281F972200BD0746 /* LaunchScreen.storyboard in Resources */,
				2930FBFF281F972200BD0746 /* Assets.xcassets in Resources */,
			);
			runOnlyForDeploymentPostprocessing = 0;
		};
/* End PBXResourcesBuildPhase section */

/* Begin PBXSourcesBuildPhase section */
		2930FBEE281F971F00BD0746 /* Sources */ = {
			isa = PBXSourcesBuildPhase;
			buildActionMask = 2147483647;
			files = (
				2930FBFA281F971F00BD0746 /* ViewController.swift in Sources */,
				297AC9662822BFB600B12E62 /* BottomSheetViewModel.swift in Sources */,
				297AC9682822C0D000B12E62 /* CellViewModel.swift in Sources */,
				2930FC0E2820446200BD0746 /* CustomViewCell.swift in Sources */,
				297AC9642822BEDF00B12E62 /* BottomSheetView.swift in Sources */,
				2930FC0C281FCBCC00BD0746 /* Data.swift in Sources */,
				2930FBF6281F971F00BD0746 /* AppDelegate.swift in Sources */,
				2930FBF8281F971F00BD0746 /* SceneDelegate.swift in Sources */,
				297AC9592822709300B12E62 /* DataViewModel.swift in Sources */,
				297AC9622822B1C500B12E62 /* BottomSheetViewController.swift in Sources */,
				2930FC0A281FA48A00BD0746 /* ApiClient.swift in Sources */,
			);
			runOnlyForDeploymentPostprocessing = 0;
		};
/* End PBXSourcesBuildPhase section */

/* Begin PBXVariantGroup section */
		2930FC00281F972200BD0746 /* LaunchScreen.storyboard */ = {
			isa = PBXVariantGroup;
			children = (
				2930FC01281F972200BD0746 /* Base */,
			);
			name = LaunchScreen.storyboard;
			sourceTree = "<group>";
		};
/* End PBXVariantGroup section */

/* Begin XCBuildConfiguration section */
		2930FC04281F972200BD0746 /* Debug */ = {
			isa = XCBuildConfiguration;
			buildSettings = {
				ALWAYS_SEARCH_USER_PATHS = NO;
				CLANG_ANALYZER_NONNULL = YES;
				CLANG_ANALYZER_NUMBER_OBJECT_CONVERSION = YES_AGGRESSIVE;
				CLANG_CXX_LANGUAGE_STANDARD = "gnu++17";
				CLANG_ENABLE_MODULES = YES;
				CLANG_ENABLE_OBJC_ARC = YES;
				CLANG_ENABLE_OBJC_WEAK = YES;
				CLANG_WARN_BLOCK_CAPTURE_AUTORELEASING = YES;
				CLANG_WARN_BOOL_CONVERSION = YES;
				CLANG_WARN_COMMA = YES;
				CLANG_WARN_CONSTANT_CONVERSION = YES;
				CLANG_WARN_DEPRECATED_OBJC_IMPLEMENTATIONS = YES;
				CLANG_WARN_DIRECT_OBJC_ISA_USAGE = YES_ERROR;
				CLANG_WARN_DOCUMENTATION_COMMENTS = YES;
				CLANG_WARN_EMPTY_BODY = YES;
				CLANG_WARN_ENUM_CONVERSION = YES;
				CLANG_WARN_INFINITE_RECURSION = YES;
				CLANG_WARN_INT_CONVERSION = YES;
				CLANG_WARN_NON_LITERAL_NULL_CONVERSION = YES;
				CLANG_WARN_OBJC_IMPLICIT_RETAIN_SELF = YES;
				CLANG_WARN_OBJC_LITERAL_CONVERSION = YES;
				CLANG_WARN_OBJC_ROOT_CLASS = YES_ERROR;
				CLANG_WARN_QUOTED_INCLUDE_IN_FRAMEWORK_HEADER = YES;
				CLANG_WARN_RANGE_LOOP_ANALYSIS = YES;
				CLANG_WARN_STRICT_PROTOTYPES = YES;
				CLANG_WARN_SUSPICIOUS_MOVE = YES;
				CLANG_WARN_UNGUARDED_AVAILABILITY = YES_AGGRESSIVE;
				CLANG_WARN_UNREACHABLE_CODE = YES;
				CLANG_WARN__DUPLICATE_METHOD_MATCH = YES;
				COPY_PHASE_STRIP = NO;
				DEBUG_INFORMATION_FORMAT = dwarf;
				ENABLE_STRICT_OBJC_MSGSEND = YES;
				ENABLE_TESTABILITY = YES;
				GCC_C_LANGUAGE_STANDARD = gnu11;
				GCC_DYNAMIC_NO_PIC = NO;
				GCC_NO_COMMON_BLOCKS = YES;
				GCC_OPTIMIZATION_LEVEL = 0;
				GCC_PREPROCESSOR_DEFINITIONS = (
					"DEBUG=1",
					"$(inherited)",
				);
				GCC_WARN_64_TO_32_BIT_CONVERSION = YES;
				GCC_WARN_ABOUT_RETURN_TYPE = YES_ERROR;
				GCC_WARN_UNDECLARED_SELECTOR = YES;
				GCC_WARN_UNINITIALIZED_AUTOS = YES_AGGRESSIVE;
				GCC_WARN_UNUSED_FUNCTION = YES;
				GCC_WARN_UNUSED_VARIABLE = YES;
				IPHONEOS_DEPLOYMENT_TARGET = 15.4;
				MTL_ENABLE_DEBUG_INFO = INCLUDE_SOURCE;
				MTL_FAST_MATH = YES;
				ONLY_ACTIVE_ARCH = YES;
				SDKROOT = iphoneos;
				SWIFT_ACTIVE_COMPILATION_CONDITIONS = DEBUG;
				SWIFT_OPTIMIZATION_LEVEL = "-Onone";
			};
			name = Debug;
		};
		2930FC05281F972200BD0746 /* Release */ = {
			isa = XCBuildConfiguration;
			buildSettings = {
				ALWAYS_SEARCH_USER_PATHS = NO;
				CLANG_ANALYZER_NONNULL = YES;
				CLANG_ANALYZER_NUMBER_OBJECT_CONVERSION = YES_AGGRESSIVE;
				CLANG_CXX_LANGUAGE_STANDARD = "gnu++17";
				CLANG_ENABLE_MODULES = YES;
				CLANG_ENABLE_OBJC_ARC = YES;
				CLANG_ENABLE_OBJC_WEAK = YES;
				CLANG_WARN_BLOCK_CAPTURE_AUTORELEASING = YES;
				CLANG_WARN_BOOL_CONVERSION = YES;
				CLANG_WARN_COMMA = YES;
				CLANG_WARN_CONSTANT_CONVERSION = YES;
				CLANG_WARN_DEPRECATED_OBJC_IMPLEMENTATIONS = YES;
				CLANG_WARN_DIRECT_OBJC_ISA_USAGE = YES_ERROR;
				CLANG_WARN_DOCUMENTATION_COMMENTS = YES;
				CLANG_WARN_EMPTY_BODY = YES;
				CLANG_WARN_ENUM_CONVERSION = YES;
				CLANG_WARN_INFINITE_RECURSION = YES;
				CLANG_WARN_INT_CONVERSION = YES;
				CLANG_WARN_NON_LITERAL_NULL_CONVERSION = YES;
				CLANG_WARN_OBJC_IMPLICIT_RETAIN_SELF = YES;
				CLANG_WARN_OBJC_LITERAL_CONVERSION = YES;
				CLANG_WARN_OBJC_ROOT_CLASS = YES_ERROR;
				CLANG_WARN_QUOTED_INCLUDE_IN_FRAMEWORK_HEADER = YES;
				CLANG_WARN_RANGE_LOOP_ANALYSIS = YES;
				CLANG_WARN_STRICT_PROTOTYPES = YES;
				CLANG_WARN_SUSPICIOUS_MOVE = YES;
				CLANG_WARN_UNGUARDED_AVAILABILITY = YES_AGGRESSIVE;
				CLANG_WARN_UNREACHABLE_CODE = YES;
				CLANG_WARN__DUPLICATE_METHOD_MATCH = YES;
				COPY_PHASE_STRIP = NO;
				DEBUG_INFORMATION_FORMAT = "dwarf-with-dsym";
				ENABLE_NS_ASSERTIONS = NO;
				ENABLE_STRICT_OBJC_MSGSEND = YES;
				GCC_C_LANGUAGE_STANDARD = gnu11;
				GCC_NO_COMMON_BLOCKS = YES;
				GCC_WARN_64_TO_32_BIT_CONVERSION = YES;
				GCC_WARN_ABOUT_RETURN_TYPE = YES_ERROR;
				GCC_WARN_UNDECLARED_SELECTOR = YES;
				GCC_WARN_UNINITIALIZED_AUTOS = YES_AGGRESSIVE;
				GCC_WARN_UNUSED_FUNCTION = YES;
				GCC_WARN_UNUSED_VARIABLE = YES;
				IPHONEOS_DEPLOYMENT_TARGET = 15.4;
				MTL_ENABLE_DEBUG_INFO = NO;
				MTL_FAST_MATH = YES;
				SDKROOT = iphoneos;
				SWIFT_COMPILATION_MODE = wholemodule;
				SWIFT_OPTIMIZATION_LEVEL = "-O";
				VALIDATE_PRODUCT = YES;
			};
			name = Release;
		};
		2930FC07281F972200BD0746 /* Debug */ = {
			isa = XCBuildConfiguration;
			buildSettings = {
				ASSETCATALOG_COMPILER_APPICON_NAME = AppIcon;
				ASSETCATALOG_COMPILER_GLOBAL_ACCENT_COLOR_NAME = AccentColor;
				CODE_SIGN_STYLE = Automatic;
				CURRENT_PROJECT_VERSION = 1;
				DEVELOPMENT_TEAM = GB4R5FUHG3;
				GENERATE_INFOPLIST_FILE = YES;
				INFOPLIST_FILE = NordCloudTestTask/Info.plist;
				INFOPLIST_KEY_UIApplicationSupportsIndirectInputEvents = YES;
				INFOPLIST_KEY_UILaunchStoryboardName = LaunchScreen;
				INFOPLIST_KEY_UISupportedInterfaceOrientations = UIInterfaceOrientationPortrait;
				INFOPLIST_KEY_UISupportedInterfaceOrientations_iPad = "UIInterfaceOrientationPortrait UIInterfaceOrientationPortraitUpsideDown UIInterfaceOrientationLandscapeLeft UIInterfaceOrientationLandscapeRight";
				INFOPLIST_KEY_UISupportedInterfaceOrientations_iPhone = "UIInterfaceOrientationPortrait UIInterfaceOrientationLandscapeLeft UIInterfaceOrientationLandscapeRight";
				LD_RUNPATH_SEARCH_PATHS = (
					"$(inherited)",
					"@executable_path/Frameworks",
				);
				MARKETING_VERSION = 1.0;
				PRODUCT_BUNDLE_IDENTIFIER = com.krasmikes.NordCloudTestTask;
				PRODUCT_NAME = "$(TARGET_NAME)";
				SWIFT_EMIT_LOC_STRINGS = YES;
				SWIFT_VERSION = 5.0;
				TARGETED_DEVICE_FAMILY = 1;
			};
			name = Debug;
		};
		2930FC08281F972200BD0746 /* Release */ = {
			isa = XCBuildConfiguration;
			buildSettings = {
				ASSETCATALOG_COMPILER_APPICON_NAME = AppIcon;
				ASSETCATALOG_COMPILER_GLOBAL_ACCENT_COLOR_NAME = AccentColor;
				CODE_SIGN_STYLE = Automatic;
				CURRENT_PROJECT_VERSION = 1;
				DEVELOPMENT_TEAM = GB4R5FUHG3;
				GENERATE_INFOPLIST_FILE = YES;
				INFOPLIST_FILE = NordCloudTestTask/Info.plist;
				INFOPLIST_KEY_UIApplicationSupportsIndirectInputEvents = YES;
				INFOPLIST_KEY_UILaunchStoryboardName = LaunchScreen;
				INFOPLIST_KEY_UISupportedInterfaceOrientations = UIInterfaceOrientationPortrait;
				INFOPLIST_KEY_UISupportedInterfaceOrientations_iPad = "UIInterfaceOrientationPortrait UIInterfaceOrientationPortraitUpsideDown UIInterfaceOrientationLandscapeLeft UIInterfaceOrientationLandscapeRight";
				INFOPLIST_KEY_UISupportedInterfaceOrientations_iPhone = "UIInterfaceOrientationPortrait UIInterfaceOrientationLandscapeLeft UIInterfaceOrientationLandscapeRight";
				LD_RUNPATH_SEARCH_PATHS = (
					"$(inherited)",
					"@executable_path/Frameworks",
				);
				MARKETING_VERSION = 1.0;
				PRODUCT_BUNDLE_IDENTIFIER = com.krasmikes.NordCloudTestTask;
				PRODUCT_NAME = "$(TARGET_NAME)";
				SWIFT_EMIT_LOC_STRINGS = YES;
				SWIFT_VERSION = 5.0;
				TARGETED_DEVICE_FAMILY = 1;
			};
			name = Release;
		};
/* End XCBuildConfiguration section */

/* Begin XCConfigurationList section */
		2930FBED281F971F00BD0746 /* Build configuration list for PBXProject "NordCloudTestTask" */ = {
			isa = XCConfigurationList;
			buildConfigurations = (
				2930FC04281F972200BD0746 /* Debug */,
				2930FC05281F972200BD0746 /* Release */,
			);
			defaultConfigurationIsVisible = 0;
			defaultConfigurationName = Release;
		};
		2930FC06281F972200BD0746 /* Build configuration list for PBXNativeTarget "NordCloudTestTask" */ = {
			isa = XCConfigurationList;
			buildConfigurations = (
				2930FC07281F972200BD0746 /* Debug */,
				2930FC08281F972200BD0746 /* Release */,
			);
			defaultConfigurationIsVisible = 0;
			defaultConfigurationName = Release;
		};
/* End XCConfigurationList section */
	};
	rootObject = 2930FBEA281F971F00BD0746 /* Project object */;
}
